Microsoft Visual Studio Solution File, Format Version 12.00
# Visual Studio Version 17
VisualStudioVersion = 17.3.32929.385
MinimumVisualStudioVersion = 10.0.40219.1
Project("{2150E333-8FDC-42A3-9474-1A3956D46DE8}") = "Solution Items", "Solution Items", "{FBAD7833-D38E-471E-B3B0-0E287D2789CA}"
	ProjectSection(SolutionItems) = preProject
		.gitignore = .gitignore
		Directory.Build.props = Directory.Build.props
		HxBuild.hxbproj = HxBuild.hxbproj
		LICENSE = LICENSE
		README.md = README.md
		stylecop.json = stylecop.json
	EndProjectSection
EndProject
Project("{9A19103F-16F7-4668-BE54-9A1E7A4F7556}") = "Heleonix.Build", "src\Heleonix.Build\Heleonix.Build.csproj", "{44202B1B-5C68-40CE-B2C2-1FEB9AEC48E3}"
EndProject
Project("{2150E333-8FDC-42A3-9474-1A3956D46DE8}") = "src", "src", "{86666126-26CC-48EE-A647-28E94D1AE95A}"
EndProject
Project("{2150E333-8FDC-42A3-9474-1A3956D46DE8}") = "test", "test", "{A3674ABC-7370-429D-8AE6-9AA33F4DE8F9}"
EndProject
Project("{9A19103F-16F7-4668-BE54-9A1E7A4F7556}") = "Heleonix.Build.Tests", "test\Heleonix.Build.Tests\Heleonix.Build.Tests.csproj", "{F4CE21CC-39D4-43C0-81F2-BFED6436DC5C}"
EndProject
Project("{2150E333-8FDC-42A3-9474-1A3956D46DE8}") = ".github", ".github", "{3499A7EA-88BC-48DF-8E9B-1EB80C052AD0}"
EndProject
Project("{2150E333-8FDC-42A3-9474-1A3956D46DE8}") = "workflows", "workflows", "{34F2A7E3-FDE8-4425-BD9C-323F304F8EEE}"
	ProjectSection(SolutionItems) = preProject
		.github\workflows\hx-net-nuget.yml = .github\workflows\hx-net-nuget.yml
		hx-net-pr.yml = hx-net-pr.yml
	EndProjectSection
EndProject
Project("{9A19103F-16F7-4668-BE54-9A1E7A4F7556}") = "Heleonix.Build.Tests.ExeMock", "test\Heleonix.Build.Tests.ExeMock\Heleonix.Build.Tests.ExeMock.csproj", "{3D5694BD-41EC-4E7B-8775-2757EA4059CA}"
EndProject
Global
	GlobalSection(SolutionConfigurationPlatforms) = preSolution
		Debug|Any CPU = Debug|Any CPU
		Release|Any CPU = Release|Any CPU
	EndGlobalSection
	GlobalSection(ProjectConfigurationPlatforms) = postSolution
		{44202B1B-5C68-40CE-B2C2-1FEB9AEC48E3}.Debug|Any CPU.ActiveCfg = Debug|Any CPU
		{44202B1B-5C68-40CE-B2C2-1FEB9AEC48E3}.Debug|Any CPU.Build.0 = Debug|Any CPU
		{44202B1B-5C68-40CE-B2C2-1FEB9AEC48E3}.Release|Any CPU.ActiveCfg = Release|Any CPU
		{44202B1B-5C68-40CE-B2C2-1FEB9AEC48E3}.Release|Any CPU.Build.0 = Release|Any CPU
		{F4CE21CC-39D4-43C0-81F2-BFED6436DC5C}.Debug|Any CPU.ActiveCfg = Debug|Any CPU
		{F4CE21CC-39D4-43C0-81F2-BFED6436DC5C}.Debug|Any CPU.Build.0 = Debug|Any CPU
		{F4CE21CC-39D4-43C0-81F2-BFED6436DC5C}.Release|Any CPU.ActiveCfg = Release|Any CPU
		{F4CE21CC-39D4-43C0-81F2-BFED6436DC5C}.Release|Any CPU.Build.0 = Release|Any CPU
		{3D5694BD-41EC-4E7B-8775-2757EA4059CA}.Debug|Any CPU.ActiveCfg = Debug|Any CPU
		{3D5694BD-41EC-4E7B-8775-2757EA4059CA}.Debug|Any CPU.Build.0 = Debug|Any CPU
		{3D5694BD-41EC-4E7B-8775-2757EA4059CA}.Release|Any CPU.ActiveCfg = Release|Any CPU
		{3D5694BD-41EC-4E7B-8775-2757EA4059CA}.Release|Any CPU.Build.0 = Release|Any CPU
	EndGlobalSection
	GlobalSection(SolutionProperties) = preSolution
		HideSolutionNode = FALSE
	EndGlobalSection
	GlobalSection(NestedProjects) = preSolution
		{44202B1B-5C68-40CE-B2C2-1FEB9AEC48E3} = {86666126-26CC-48EE-A647-28E94D1AE95A}
		{F4CE21CC-39D4-43C0-81F2-BFED6436DC5C} = {A3674ABC-7370-429D-8AE6-9AA33F4DE8F9}
		{34F2A7E3-FDE8-4425-BD9C-323F304F8EEE} = {3499A7EA-88BC-48DF-8E9B-1EB80C052AD0}
		{3D5694BD-41EC-4E7B-8775-2757EA4059CA} = {A3674ABC-7370-429D-8AE6-9AA33F4DE8F9}
	EndGlobalSection
	GlobalSection(ExtensibilityGlobals) = postSolution
		SolutionGuid = {DADF4FE8-717D-467C-948E-0F170CDA33E6}
	EndGlobalSection
EndGlobal
